
Microsoft Visual Studio Solution File, Format Version 12.00
# Visual Studio 14
VisualStudioVersion = 14.0.25123.0
MinimumVisualStudioVersion = 10.0.40219.1
Project("{FAE04EC0-301F-11D3-BF4B-00C04F79EFBC}") = "DepthViewerServer", "DepthViewerServer\DepthViewerServer.csproj", "{A00153E3-37FD-43EF-9371-E1EEC42A5FCD}"
EndProject
Project("{FAE04EC0-301F-11D3-BF4B-00C04F79EFBC}") = "DepthViewerServer.Tests", "DepthViewerServer.Tests\DepthViewerServer.Tests.csproj", "{12B93562-37FA-4EAD-BD1A-DB78EF371AC8}"
EndProject
Project("{D954291E-2A0B-460D-934E-DC6B0785DB48}") = "DepthViewer.Shared", "..\app\DepthViewer.Shared\DepthViewer.Shared.shproj", "{06550DA4-69F2-474A-83B5-FCEC0831A766}"
EndProject
Global
	GlobalSection(SharedMSBuildProjectFiles) = preSolution
		..\app\DepthViewer.Shared\DepthViewer.Shared.projitems*{06550da4-69f2-474a-83b5-fcec0831a766}*SharedItemsImports = 13
		..\app\DepthViewer.Shared\DepthViewer.Shared.projitems*{a00153e3-37fd-43ef-9371-e1eec42a5fcd}*SharedItemsImports = 4
	EndGlobalSection
	GlobalSection(SolutionConfigurationPlatforms) = preSolution
		Debug|Any CPU = Debug|Any CPU
		Release|Any CPU = Release|Any CPU
	EndGlobalSection
	GlobalSection(ProjectConfigurationPlatforms) = postSolution
		{A00153E3-37FD-43EF-9371-E1EEC42A5FCD}.Debug|Any CPU.ActiveCfg = Debug|Any CPU
		{A00153E3-37FD-43EF-9371-E1EEC42A5FCD}.Debug|Any CPU.Build.0 = Debug|Any CPU
		{A00153E3-37FD-43EF-9371-E1EEC42A5FCD}.Release|Any CPU.ActiveCfg = Release|Any CPU
		{A00153E3-37FD-43EF-9371-E1EEC42A5FCD}.Release|Any CPU.Build.0 = Release|Any CPU
		{12B93562-37FA-4EAD-BD1A-DB78EF371AC8}.Debug|Any CPU.ActiveCfg = Debug|Any CPU
		{12B93562-37FA-4EAD-BD1A-DB78EF371AC8}.Debug|Any CPU.Build.0 = Debug|Any CPU
		{12B93562-37FA-4EAD-BD1A-DB78EF371AC8}.Release|Any CPU.ActiveCfg = Release|Any CPU
		{12B93562-37FA-4EAD-BD1A-DB78EF371AC8}.Release|Any CPU.Build.0 = Release|Any CPU
	EndGlobalSection
	GlobalSection(SolutionProperties) = preSolution
		HideSolutionNode = FALSE
	EndGlobalSection
EndGlobal
